PODS:
  - AFNetworking (3.2.1):
    - AFNetworking/NSURLSession (= 3.2.1)
    - AFNetworking/Reachability (= 3.2.1)
    - AFNetworking/Security (= 3.2.1)
    - AFNetworking/Serialization (= 3.2.1)
    - AFNetworking/UIKit (= 3.2.1)
  - AFNetworking/NSURLSession (3.2.1):
    - AFNetworking/Reachability
    - AFNetworking/Security
    - AFNetworking/Serialization
  - AFNetworking/Reachability (3.2.1)
  - AFNetworking/Security (3.2.1)
  - AFNetworking/Serialization (3.2.1)
  - AFNetworking/UIKit (3.2.1):
    - AFNetworking/NSURLSession
  - BigInt (3.0.0):
    - SipHash (~> 1.2)
  - CryptoSwift (1.0.0)
  - GRKOpenSSLFramework (1.0.2.16)
  - IQKeyboardManager (6.3.0)
  - Masonry (1.1.0)
  - MBProgressHUD (1.1.0)
  - MJExtension (3.0.17)
  - MJRefresh (3.2.0)
  - RLP-ObjC (1.0.5)
  - SDWebImage (5.0.3):
    - SDWebImage/Core (= 5.0.3)
  - SDWebImage/Core (5.0.3)
  - secp256k1.swift (0.1.4)
  - SipHash (1.2.2)

DEPENDENCIES:
  - AFNetworking (~> 3.0)
  - BigInt (= 3.0.0)
  - CryptoSwift (= 1.0.0)
  - GRKOpenSSLFramework
  - IQKeyboardManager
  - Masonry
  - MBProgressHUD
  - MJExtension
  - MJRefresh
  - RLP-ObjC
  - SDWebImage (~> 5.0)
  - secp256k1.swift

SPEC REPOS:
  https://github.com/cocoapods/specs.git:
    - AFNetworking
    - BigInt
    - CryptoSwift
    - GRKOpenSSLFramework
    - IQKeyboardManager
    - Masonry
    - MBProgressHUD
    - MJExtension
    - MJRefresh
    - RLP-ObjC
    - SDWebImage
    - secp256k1.swift
    - SipHash

SPEC CHECKSUMS:
  AFNetworking: b6f891fdfaed196b46c7a83cf209e09697b94057
  BigInt: a7864bcecd2976bced91963baef90079dbdcca25
  CryptoSwift: d81eeaa59dc5a8d03720fe919a6fd07b51f7439f
  GRKOpenSSLFramework: 35944e317e6336b2944ad70b059d84db6b2d8532
  IQKeyboardManager: 2ca9d64893247556f53523dcd8d78641f0ba7c23
  Masonry: 678fab65091a9290e40e2832a55e7ab731aad201
  MBProgressHUD: e7baa36a220447d8aeb12769bf0585582f3866d9
  MJExtension: 74ec83124a68891619fb7ba9c5c811bbf1691076
  MJRefresh: ed450d6eb9d3346a2cb033ab7eb6de090aeef437
  RLP-ObjC: a999411362b75a876d9727b2987c9b334b2fd5f7
  SDWebImage: d4f87d7d36c8a4d9f9459dc282e0caa057fdf935
  secp256k1.swift: a7e7a214f6db6ce5db32cc6b2b45e5c4dd633634
  SipHash: fad90a4683e420c52ef28063063dbbce248ea6d4

PODFILE CHECKSUM: 3f04e6cd3902344c210ebda842005f5fdec9fbb9

COCOAPODS: 1.6.1
